{
  "name": "node-bitcask",
  "version": "1.0.0",
  "lockfileVersion": 2,
  "requires": true,
  "packages": {
    "": {
      "name": "node-bitcask",
      "version": "1.0.0",
      "license": "ISC",
      "dependencies": {
        "binary-file": "^0.2.3"
      }
    },
    "node_modules/binary-file": {
      "version": "0.2.3",
      "resolved": "https://registry.npmjs.org/binary-file/-/binary-file-0.2.3.tgz",
      "integrity": "sha512-FOEFou3G9h/OkU7wcWS7zi60bZ3MSA5/elFP2oqpFwmsCb8Y+tDUKqvOEuOCznqNlgnU/YET8F1TzLHpqiFluQ==",
      "dependencies": {
        "denodeify": "^1.2.1"
      },
      "engines": {
        "node": ">= 4.0.0"
      }
    },
    "node_modules/denodeify": {
      "version": "1.2.1",
      "resolved": "https://registry.npmjs.org/denodeify/-/denodeify-1.2.1.tgz",
      "integrity": "sha512-KNTihKNmQENUZeKu5fzfpzRqR5S2VMp4gl9RFHiWzj9DfvYQPMJ6XHKNaQxaGCXwPk6y9yme3aUoaiAe+KX+vg=="
    }
  },
  "dependencies": {
    "binary-file": {
      "version": "0.2.3",
      "resolved": "https://registry.npmjs.org/binary-file/-/binary-file-0.2.3.tgz",
      "integrity": "sha512-FOEFou3G9h/OkU7wcWS7zi60bZ3MSA5/elFP2oqpFwmsCb8Y+tDUKqvOEuOCznqNlgnU/YET8F1TzLHpqiFluQ==",
      "requires": {
        "denodeify": "^1.2.1"
      }
    },
    "denodeify": {
      "version": "1.2.1",
      "resolved": "https://registry.npmjs.org/denodeify/-/denodeify-1.2.1.tgz",
      "integrity": "sha512-KNTihKNmQENUZeKu5fzfpzRqR5S2VMp4gl9RFHiWzj9DfvYQPMJ6XHKNaQxaGCXwPk6y9yme3aUoaiAe+KX+vg=="
    }
  }
}
